// !$*UTF8*$!
{
	archiveVersion = 1;
	classes = {
	};
	objectVersion = 46;
	objects = {

/* Begin PBXBuildFile section */
		8222712B16C979150043AE86 /* UIKit.framework in Frameworks */ = {isa = PBXBuildFile; fileRef = 8222712A16C979150043AE86 /* UIKit.framework */; };
		8222712D16C979150043AE86 /* Foundation.framework in Frameworks */ = {isa = PBXBuildFile; fileRef = 8222712C16C979150043AE86 /* Foundation.framework */; };
		8222712F16C979150043AE86 /* CoreGraphics.framework in Frameworks */ = {isa = PBXBuildFile; fileRef = 8222712E16C979150043AE86 /* CoreGraphics.framework */; };
		8222713516C979150043AE86 /* InfoPlist.strings in Resources */ = {isa = PBXBuildFile; fileRef = 8222713316C979150043AE86 /* InfoPlist.strings */; };
		8222713716C979150043AE86 /* main.m in Sources */ = {isa = PBXBuildFile; fileRef = 8222713616C979150043AE86 /* main.m */; };
		8222713B16C979150043AE86 /* AppDelegate.m in Sources */ = {isa = PBXBuildFile; fileRef = 8222713A16C979150043AE86 /* AppDelegate.m */; };
		8222713D16C979150043AE86 /* Default.png in Resources */ = {isa = PBXBuildFile; fileRef = 8222713C16C979150043AE86 /* Default.png */; };
		8222713F16C979150043AE86 /* Default@2x.png in Resources */ = {isa = PBXBuildFile; fileRef = 8222713E16C979150043AE86 /* Default@2x.png */; };
		8222714116C979150043AE86 /* Default-568h@2x.png in Resources */ = {isa = PBXBuildFile; fileRef = 8222714016C979150043AE86 /* Default-568h@2x.png */; };
		8222714416C979150043AE86 /* ViewController.m in Sources */ = {isa = PBXBuildFile; fileRef = 8222714316C979150043AE86 /* ViewController.m */; };
		8222714716C979150043AE86 /* ViewController.xib in Resources */ = {isa = PBXBuildFile; fileRef = 8222714516C979150043AE86 /* ViewController.xib */; };
/* End PBXBuildFile section */

/* Begin PBXFileReference section */
		8222712616C979150043AE86 /* AOC2.app */ = {isa = PBXFileReference; explicitFileType = wrapper.application; includeInIndex = 0; path = AOC2.app; sourceTree = BUILT_PRODUCTS_DIR; };
		8222712A16C979150043AE86 /* UIKit.framework */ = {isa = PBXFileReference; lastKnownFileType = wrapper.framework; name = UIKit.framework; path = System/Library/Frameworks/UIKit.framework; sourceTree = SDKROOT; };
		8222712C16C979150043AE86 /* Foundation.framework */ = {isa = PBXFileReference; lastKnownFileType = wrapper.framework; name = Foundation.framework; path = System/Library/Frameworks/Foundation.framework; sourceTree = SDKROOT; };
		8222712E16C979150043AE86 /* CoreGraphics.framework */ = {isa = PBXFileReference; lastKnownFileType = wrapper.framework; name = CoreGraphics.framework; path = System/Library/Frameworks/CoreGraphics.framework; sourceTree = SDKROOT; };
		8222713216C979150043AE86 /* AOC2-Info.plist */ = {isa = PBXFileReference; lastKnownFileType = text.plist.xml; path = "AOC2-Info.plist"; sourceTree = "<group>"; };
		8222713416C979150043AE86 /* en */ = {isa = PBXFileReference; lastKnownFileType = text.plist.strings; name = en; path = en.lproj/InfoPlist.strings; sourceTree = "<group>"; };
		8222713616C979150043AE86 /* main.m */ = {isa = PBXFileReference; lastKnownFileType = sourcecode.c.objc; path = main.m; sourceTree = "<group>"; };
		8222713816C979150043AE86 /* AOC2-Prefix.pch */ = {isa = PBXFileReference; lastKnownFileType = sourcecode.c.h; path = "AOC2-Prefix.pch"; sourceTree = "<group>"; };
		8222713916C979150043AE86 /* AppDelegate.h */ = {isa = PBXFileReference; lastKnownFileType = sourcecode.c.h; path = AppDelegate.h; sourceTree = "<group>"; };
		8222713A16C979150043AE86 /* AppDelegate.m */ = {isa = PBXFileReference; lastKnownFileType = sourcecode.c.objc; path = AppDelegate.m; sourceTree = "<group>"; };
		8222713C16C979150043AE86 /* Default.png */ = {isa = PBXFileReference; lastKnownFileType = image.png; path = Default.png; sourceTree = "<group>"; };
		8222713E16C979150043AE86 /* Default@2x.png */ = {isa = PBXFileReference; lastKnownFileType = image.png; path = "Default@2x.png"; sourceTree = "<group>"; };
		8222714016C979150043AE86 /* Default-568h@2x.png */ = {isa = PBXFileReference; lastKnownFileType = image.png; path = "Default-568h@2x.png"; sourceTree = "<group>"; };
		8222714216C979150043AE86 /* ViewController.h */ = {isa = PBXFileReference; lastKnownFileType = sourcecode.c.h; path = ViewController.h; sourceTree = "<group>"; };
		8222714316C979150043AE86 /* ViewController.m */ = {isa = PBXFileReference; lastKnownFileType = sourcecode.c.objc; path = ViewController.m; sourceTree = "<group>"; };
		8222714616C979150043AE86 /* en */ = {isa = PBXFileReference; lastKnownFileType = file.xib; name = en; path = en.lproj/ViewController.xib; sourceTree = "<group>"; };
/* End PBXFileReference section */

/* Begin PBXFrameworksBuildPhase section */
		8222712316C979150043AE86 /* Frameworks */ = {
			isa = PBXFrameworksBuildPhase;
			buildActionMask = 2147483647;
			files = (
				8222712B16C979150043AE86 /* UIKit.framework in Frameworks */,
				8222712D16C979150043AE86 /* Foundation.framework in Frameworks */,
				8222712F16C979150043AE86 /* CoreGraphics.framework in Frameworks */,
			);
			runOnlyForDeploymentPostprocessing = 0;
		};
/* End PBXFrameworksBuildPhase section */

/* Begin PBXGroup section */
		8222711B16C979150043AE86 = {
			isa = PBXGroup;
			children = (
				8222713016C979150043AE86 /* AOC2 */,
				8222712916C979150043AE86 /* Frameworks */,
				8222712716C979150043AE86 /* Products */,
			);
			sourceTree = "<group>";
		};
		8222712716C979150043AE86 /* Products */ = {
			isa = PBXGroup;
			children = (
				8222712616C979150043AE86 /* AOC2.app */,
			);
			name = Products;
			sourceTree = "<group>";
		};
		8222712916C979150043AE86 /* Frameworks */ = {
			isa = PBXGroup;
			children = (
				8222712A16C979150043AE86 /* UIKit.framework */,
				8222712C16C979150043AE86 /* Foundation.framework */,
				8222712E16C979150043AE86 /* CoreGraphics.framework */,
			);
			name = Frameworks;
			sourceTree = "<group>";
		};
		8222713016C979150043AE86 /* AOC2 */ = {
			isa = PBXGroup;
			children = (
				8222713916C979150043AE86 /* AppDelegate.h */,
				8222713A16C979150043AE86 /* AppDelegate.m */,
				8222714216C979150043AE86 /* ViewController.h */,
				8222714316C979150043AE86 /* ViewController.m */,
				8222714516C979150043AE86 /* ViewController.xib */,
				8222713116C979150043AE86 /* Supporting Files */,
			);
			path = AOC2;
			sourceTree = "<group>";
		};
		8222713116C979150043AE86 /* Supporting Files */ = {
			isa = PBXGroup;
			children = (
				8222713216C979150043AE86 /* AOC2-Info.plist */,
				8222713316C979150043AE86 /* InfoPlist.strings */,
				8222713616C979150043AE86 /* main.m */,
				8222713816C979150043AE86 /* AOC2-Prefix.pch */,
				8222713C16C979150043AE86 /* Default.png */,
				8222713E16C979150043AE86 /* Default@2x.png */,
				8222714016C979150043AE86 /* Default-568h@2x.png */,
			);
			name = "Supporting Files";
			sourceTree = "<group>";
		};
/* End PBXGroup section */

/* Begin PBXNativeTarget section */
		8222712516C979150043AE86 /* AOC2 */ = {
			isa = PBXNativeTarget;
			buildConfigurationList = 8222714A16C979150043AE86 /* Build configuration list for PBXNativeTarget "AOC2" */;
			buildPhases = (
				8222712216C979150043AE86 /* Sources */,
				8222712316C979150043AE86 /* Frameworks */,
				8222712416C979150043AE86 /* Resources */,
			);
			buildRules = (
			);
			dependencies = (
			);
			name = AOC2;
			productName = AOC2;
			productReference = 8222712616C979150043AE86 /* AOC2.app */;
			productType = "com.apple.product-type.application";
		};
/* End PBXNativeTarget section */

/* Begin PBXProject section */
		8222711D16C979150043AE86 /* Project object */ = {
			isa = PBXProject;
			attributes = {
				LastUpgradeCheck = 0450;
				ORGANIZATIONNAME = "Nick Stelzer";
			};
			buildConfigurationList = 8222712016C979150043AE86 /* Build configuration list for PBXProject "AOC2" */;
			compatibilityVersion = "Xcode 3.2";
			developmentRegion = English;
			hasScannedForEncodings = 0;
			knownRegions = (
				en,
			);
			mainGroup = 8222711B16C979150043AE86;
			productRefGroup = 8222712716C979150043AE86 /* Products */;
			projectDirPath = "";
			projectRoot = "";
			targets = (
				8222712516C979150043AE86 /* AOC2 */,
			);
		};
/* End PBXProject section */

/* Begin PBXResourcesBuildPhase section */
		8222712416C979150043AE86 /* Resources */ = {
			isa = PBXResourcesBuildPhase;
			buildActionMask = 2147483647;
			files = (
				8222713516C979150043AE86 /* InfoPlist.strings in Resources */,
				8222713D16C979150043AE86 /* Default.png in Resources */,
				8222713F16C979150043AE86 /* Default@2x.png in Resources */,
				8222714116C979150043AE86 /* Default-568h@2x.png in Resources */,
				8222714716C979150043AE86 /* ViewController.xib in Resources */,
			);
			runOnlyForDeploymentPostprocessing = 0;
		};
/* End PBXResourcesBuildPhase section */

/* Begin PBXSourcesBuildPhase section */
		8222712216C979150043AE86 /* Sources */ = {
			isa = PBXSourcesBuildPhase;
			buildActionMask = 2147483647;
			files = (
				8222713716C979150043AE86 /* main.m in Sources */,
				8222713B16C979150043AE86 /* AppDelegate.m in Sources */,
				8222714416C979150043AE86 /* ViewController.m in Sources */,
			);
			runOnlyForDeploymentPostprocessing = 0;
		};
/* End PBXSourcesBuildPhase section */

/* Begin PBXVariantGroup section */
		8222713316C979150043AE86 /* InfoPlist.strings */ = {
			isa = PBXVariantGroup;
			children = (
				8222713416C979150043AE86 /* en */,
			);
			name = InfoPlist.strings;
			sourceTree = "<group>";
		};
		8222714516C979150043AE86 /* ViewController.xib */ = {
			isa = PBXVariantGroup;
			children = (
				8222714616C979150043AE86 /* en */,
			);
			name = ViewController.xib;
			sourceTree = "<group>";
		};
/* End PBXVariantGroup section */

/* Begin XCBuildConfiguration section */
		8222714816C979150043AE86 /* Debug */ = {
			isa = XCBuildConfiguration;
			buildSettings = {
				ALWAYS_SEARCH_USER_PATHS = NO;
				CLANG_CXX_LANGUAGE_STANDARD = "gnu++0x";
				CLANG_CXX_LIBRARY = "libc++";
				CLANG_WARN_EMPTY_BODY = YES;
				CLANG_WARN__DUPLICATE_METHOD_MATCH = YES;
				"CODE_SIGN_IDENTITY[sdk=iphoneos*]" = "iPhone Developer";
				COPY_PHASE_STRIP = NO;
				GCC_C_LANGUAGE_STANDARD = gnu99;
				GCC_DYNAMIC_NO_PIC = NO;
				GCC_OPTIMIZATION_LEVEL = 0;
				GCC_PREPROCESSOR_DEFINITIONS = (
					"DEBUG=1",
					"$(inherited)",
				);
				GCC_SYMBOLS_PRIVATE_EXTERN = NO;
				GCC_WARN_ABOUT_RETURN_TYPE = YES;
				GCC_WARN_UNINITIALIZED_AUTOS = YES;
				GCC_WARN_UNUSED_VARIABLE = YES;
				IPHONEOS_DEPLOYMENT_TARGET = 6.0;
				ONLY_ACTIVE_ARCH = YES;
				SDKROOT = iphoneos;
			};
			name = Debug;
		};
		8222714916C979150043AE86 /* Release */ = {
			isa = XCBuildConfiguration;
			buildSettings = {
				ALWAYS_SEARCH_USER_PATHS = NO;
				CLANG_CXX_LANGUAGE_STANDARD = "gnu++0x";
				CLANG_CXX_LIBRARY = "libc++";
				CLANG_WARN_EMPTY_BODY = YES;
				CLANG_WARN__DUPLICATE_METHOD_MATCH = YES;
				"CODE_SIGN_IDENTITY[sdk=iphoneos*]" = "iPhone Developer";
				COPY_PHASE_STRIP = YES;
				GCC_C_LANGUAGE_STANDARD = gnu99;
				GCC_WARN_ABOUT_RETURN_TYPE = YES;
				GCC_WARN_UNINITIALIZED_AUTOS = YES;
				GCC_WARN_UNUSED_VARIABLE = YES;
				IPHONEOS_DEPLOYMENT_TARGET = 6.0;
				OTHER_CFLAGS = "-DNS_BLOCK_ASSERTIONS=1";
				SDKROOT = iphoneos;
				VALIDATE_PRODUCT = YES;
			};
			name = Release;
		};
		8222714B16C979150043AE86 /* Debug */ = {
			isa = XCBuildConfiguration;
			buildSettings = {
				GCC_PRECOMPILE_PREFIX_HEADER = YES;
				GCC_PREFIX_HEADER = "AOC2/AOC2-Prefix.pch";
				INFOPLIST_FILE = "AOC2/AOC2-Info.plist";
				PRODUCT_NAME = "$(TARGET_NAME)";
				WRAPPER_EXTENSION = app;
			};
			name = Debug;
		};
		8222714C16C979150043AE86 /* Release */ = {
			isa = XCBuildConfiguration;
			buildSettings = {
				GCC_PRECOMPILE_PREFIX_HEADER = YES;
				GCC_PREFIX_HEADER = "AOC2/AOC2-Prefix.pch";
				INFOPLIST_FILE = "AOC2/AOC2-Info.plist";
				PRODUCT_NAME = "$(TARGET_NAME)";
				WRAPPER_EXTENSION = app;
			};
			name = Release;
		};
/* End XCBuildConfiguration section */

/* Begin XCConfigurationList section */
		8222712016C979150043AE86 /* Build configuration list for PBXProject "AOC2" */ = {
			isa = XCConfigurationList;
			buildConfigurations = (
				8222714816C979150043AE86 /* Debug */,
				8222714916C979150043AE86 /* Release */,
			);
			defaultConfigurationIsVisible = 0;
			defaultConfigurationName = Release;
		};
		8222714A16C979150043AE86 /* Build configuration list for PBXNativeTarget "AOC2" */ = {
			isa = XCConfigurationList;
			buildConfigurations = (
				8222714B16C979150043AE86 /* Debug */,
				8222714C16C979150043AE86 /* Release */,
			);
			defaultConfigurationIsVisible = 0;
		};
/* End XCConfigurationList section */
	};
	rootObject = 8222711D16C979150043AE86 /* Project object */;
}
