// !$*UTF8*$!
{
	archiveVersion = 1;
	classes = {
	};
	objectVersion = 46;
	objects = {

/* Begin PBXBuildFile section */
		8285E46216D22ECC00F80545 /* UIKit.framework in Frameworks */ = {isa = PBXBuildFile; fileRef = 8285E46116D22ECC00F80545 /* UIKit.framework */; };
		8285E46416D22ECC00F80545 /* Foundation.framework in Frameworks */ = {isa = PBXBuildFile; fileRef = 8285E46316D22ECC00F80545 /* Foundation.framework */; };
		8285E46616D22ECC00F80545 /* CoreGraphics.framework in Frameworks */ = {isa = PBXBuildFile; fileRef = 8285E46516D22ECC00F80545 /* CoreGraphics.framework */; };
		8285E46C16D22ECC00F80545 /* InfoPlist.strings in Resources */ = {isa = PBXBuildFile; fileRef = 8285E46A16D22ECC00F80545 /* InfoPlist.strings */; };
		8285E46E16D22ECC00F80545 /* main.m in Sources */ = {isa = PBXBuildFile; fileRef = 8285E46D16D22ECC00F80545 /* main.m */; };
		8285E47216D22ECC00F80545 /* AppDelegate.m in Sources */ = {isa = PBXBuildFile; fileRef = 8285E47116D22ECC00F80545 /* AppDelegate.m */; };
		8285E47416D22ECC00F80545 /* Default.png in Resources */ = {isa = PBXBuildFile; fileRef = 8285E47316D22ECC00F80545 /* Default.png */; };
		8285E47616D22ECC00F80545 /* Default@2x.png in Resources */ = {isa = PBXBuildFile; fileRef = 8285E47516D22ECC00F80545 /* Default@2x.png */; };
		8285E47816D22ECC00F80545 /* Default-568h@2x.png in Resources */ = {isa = PBXBuildFile; fileRef = 8285E47716D22ECC00F80545 /* Default-568h@2x.png */; };
		8285E47B16D22ECC00F80545 /* ViewController.m in Sources */ = {isa = PBXBuildFile; fileRef = 8285E47A16D22ECC00F80545 /* ViewController.m */; };
		8285E47E16D22ECC00F80545 /* ViewController.xib in Resources */ = {isa = PBXBuildFile; fileRef = 8285E47C16D22ECC00F80545 /* ViewController.xib */; };
/* End PBXBuildFile section */

/* Begin PBXFileReference section */
		8285E45D16D22ECC00F80545 /* AOC3.app */ = {isa = PBXFileReference; explicitFileType = wrapper.application; includeInIndex = 0; path = AOC3.app; sourceTree = BUILT_PRODUCTS_DIR; };
		8285E46116D22ECC00F80545 /* UIKit.framework */ = {isa = PBXFileReference; lastKnownFileType = wrapper.framework; name = UIKit.framework; path = System/Library/Frameworks/UIKit.framework; sourceTree = SDKROOT; };
		8285E46316D22ECC00F80545 /* Foundation.framework */ = {isa = PBXFileReference; lastKnownFileType = wrapper.framework; name = Foundation.framework; path = System/Library/Frameworks/Foundation.framework; sourceTree = SDKROOT; };
		8285E46516D22ECC00F80545 /* CoreGraphics.framework */ = {isa = PBXFileReference; lastKnownFileType = wrapper.framework; name = CoreGraphics.framework; path = System/Library/Frameworks/CoreGraphics.framework; sourceTree = SDKROOT; };
		8285E46916D22ECC00F80545 /* AOC3-Info.plist */ = {isa = PBXFileReference; lastKnownFileType = text.plist.xml; path = "AOC3-Info.plist"; sourceTree = "<group>"; };
		8285E46B16D22ECC00F80545 /* en */ = {isa = PBXFileReference; lastKnownFileType = text.plist.strings; name = en; path = en.lproj/InfoPlist.strings; sourceTree = "<group>"; };
		8285E46D16D22ECC00F80545 /* main.m */ = {isa = PBXFileReference; lastKnownFileType = sourcecode.c.objc; path = main.m; sourceTree = "<group>"; };
		8285E46F16D22ECC00F80545 /* AOC3-Prefix.pch */ = {isa = PBXFileReference; lastKnownFileType = sourcecode.c.h; path = "AOC3-Prefix.pch"; sourceTree = "<group>"; };
		8285E47016D22ECC00F80545 /* AppDelegate.h */ = {isa = PBXFileReference; lastKnownFileType = sourcecode.c.h; path = AppDelegate.h; sourceTree = "<group>"; };
		8285E47116D22ECC00F80545 /* AppDelegate.m */ = {isa = PBXFileReference; lastKnownFileType = sourcecode.c.objc; path = AppDelegate.m; sourceTree = "<group>"; };
		8285E47316D22ECC00F80545 /* Default.png */ = {isa = PBXFileReference; lastKnownFileType = image.png; path = Default.png; sourceTree = "<group>"; };
		8285E47516D22ECC00F80545 /* Default@2x.png */ = {isa = PBXFileReference; lastKnownFileType = image.png; path = "Default@2x.png"; sourceTree = "<group>"; };
		8285E47716D22ECC00F80545 /* Default-568h@2x.png */ = {isa = PBXFileReference; lastKnownFileType = image.png; path = "Default-568h@2x.png"; sourceTree = "<group>"; };
		8285E47916D22ECC00F80545 /* ViewController.h */ = {isa = PBXFileReference; lastKnownFileType = sourcecode.c.h; path = ViewController.h; sourceTree = "<group>"; };
		8285E47A16D22ECC00F80545 /* ViewController.m */ = {isa = PBXFileReference; lastKnownFileType = sourcecode.c.objc; path = ViewController.m; sourceTree = "<group>"; };
		8285E47D16D22ECC00F80545 /* en */ = {isa = PBXFileReference; lastKnownFileType = file.xib; name = en; path = en.lproj/ViewController.xib; sourceTree = "<group>"; };
/* End PBXFileReference section */

/* Begin PBXFrameworksBuildPhase section */
		8285E45A16D22ECC00F80545 /* Frameworks */ = {
			isa = PBXFrameworksBuildPhase;
			buildActionMask = 2147483647;
			files = (
				8285E46216D22ECC00F80545 /* UIKit.framework in Frameworks */,
				8285E46416D22ECC00F80545 /* Foundation.framework in Frameworks */,
				8285E46616D22ECC00F80545 /* CoreGraphics.framework in Frameworks */,
			);
			runOnlyForDeploymentPostprocessing = 0;
		};
/* End PBXFrameworksBuildPhase section */

/* Begin PBXGroup section */
		8285E45216D22ECC00F80545 = {
			isa = PBXGroup;
			children = (
				8285E46716D22ECC00F80545 /* AOC3 */,
				8285E46016D22ECC00F80545 /* Frameworks */,
				8285E45E16D22ECC00F80545 /* Products */,
			);
			sourceTree = "<group>";
		};
		8285E45E16D22ECC00F80545 /* Products */ = {
			isa = PBXGroup;
			children = (
				8285E45D16D22ECC00F80545 /* AOC3.app */,
			);
			name = Products;
			sourceTree = "<group>";
		};
		8285E46016D22ECC00F80545 /* Frameworks */ = {
			isa = PBXGroup;
			children = (
				8285E46116D22ECC00F80545 /* UIKit.framework */,
				8285E46316D22ECC00F80545 /* Foundation.framework */,
				8285E46516D22ECC00F80545 /* CoreGraphics.framework */,
			);
			name = Frameworks;
			sourceTree = "<group>";
		};
		8285E46716D22ECC00F80545 /* AOC3 */ = {
			isa = PBXGroup;
			children = (
				8285E47016D22ECC00F80545 /* AppDelegate.h */,
				8285E47116D22ECC00F80545 /* AppDelegate.m */,
				8285E47916D22ECC00F80545 /* ViewController.h */,
				8285E47A16D22ECC00F80545 /* ViewController.m */,
				8285E47C16D22ECC00F80545 /* ViewController.xib */,
				8285E46816D22ECC00F80545 /* Supporting Files */,
			);
			path = AOC3;
			sourceTree = "<group>";
		};
		8285E46816D22ECC00F80545 /* Supporting Files */ = {
			isa = PBXGroup;
			children = (
				8285E46916D22ECC00F80545 /* AOC3-Info.plist */,
				8285E46A16D22ECC00F80545 /* InfoPlist.strings */,
				8285E46D16D22ECC00F80545 /* main.m */,
				8285E46F16D22ECC00F80545 /* AOC3-Prefix.pch */,
				8285E47316D22ECC00F80545 /* Default.png */,
				8285E47516D22ECC00F80545 /* Default@2x.png */,
				8285E47716D22ECC00F80545 /* Default-568h@2x.png */,
			);
			name = "Supporting Files";
			sourceTree = "<group>";
		};
/* End PBXGroup section */

/* Begin PBXNativeTarget section */
		8285E45C16D22ECC00F80545 /* AOC3 */ = {
			isa = PBXNativeTarget;
			buildConfigurationList = 8285E48116D22ECC00F80545 /* Build configuration list for PBXNativeTarget "AOC3" */;
			buildPhases = (
				8285E45916D22ECC00F80545 /* Sources */,
				8285E45A16D22ECC00F80545 /* Frameworks */,
				8285E45B16D22ECC00F80545 /* Resources */,
			);
			buildRules = (
			);
			dependencies = (
			);
			name = AOC3;
			productName = AOC3;
			productReference = 8285E45D16D22ECC00F80545 /* AOC3.app */;
			productType = "com.apple.product-type.application";
		};
/* End PBXNativeTarget section */

/* Begin PBXProject section */
		8285E45416D22ECC00F80545 /* Project object */ = {
			isa = PBXProject;
			attributes = {
				LastUpgradeCheck = 0450;
				ORGANIZATIONNAME = "Nick Stelzer";
			};
			buildConfigurationList = 8285E45716D22ECC00F80545 /* Build configuration list for PBXProject "AOC3" */;
			compatibilityVersion = "Xcode 3.2";
			developmentRegion = English;
			hasScannedForEncodings = 0;
			knownRegions = (
				en,
			);
			mainGroup = 8285E45216D22ECC00F80545;
			productRefGroup = 8285E45E16D22ECC00F80545 /* Products */;
			projectDirPath = "";
			projectRoot = "";
			targets = (
				8285E45C16D22ECC00F80545 /* AOC3 */,
			);
		};
/* End PBXProject section */

/* Begin PBXResourcesBuildPhase section */
		8285E45B16D22ECC00F80545 /* Resources */ = {
			isa = PBXResourcesBuildPhase;
			buildActionMask = 2147483647;
			files = (
				8285E46C16D22ECC00F80545 /* InfoPlist.strings in Resources */,
				8285E47416D22ECC00F80545 /* Default.png in Resources */,
				8285E47616D22ECC00F80545 /* Default@2x.png in Resources */,
				8285E47816D22ECC00F80545 /* Default-568h@2x.png in Resources */,
				8285E47E16D22ECC00F80545 /* ViewController.xib in Resources */,
			);
			runOnlyForDeploymentPostprocessing = 0;
		};
/* End PBXResourcesBuildPhase section */

/* Begin PBXSourcesBuildPhase section */
		8285E45916D22ECC00F80545 /* Sources */ = {
			isa = PBXSourcesBuildPhase;
			buildActionMask = 2147483647;
			files = (
				8285E46E16D22ECC00F80545 /* main.m in Sources */,
				8285E47216D22ECC00F80545 /* AppDelegate.m in Sources */,
				8285E47B16D22ECC00F80545 /* ViewController.m in Sources */,
			);
			runOnlyForDeploymentPostprocessing = 0;
		};
/* End PBXSourcesBuildPhase section */

/* Begin PBXVariantGroup section */
		8285E46A16D22ECC00F80545 /* InfoPlist.strings */ = {
			isa = PBXVariantGroup;
			children = (
				8285E46B16D22ECC00F80545 /* en */,
			);
			name = InfoPlist.strings;
			sourceTree = "<group>";
		};
		8285E47C16D22ECC00F80545 /* ViewController.xib */ = {
			isa = PBXVariantGroup;
			children = (
				8285E47D16D22ECC00F80545 /* en */,
			);
			name = ViewController.xib;
			sourceTree = "<group>";
		};
/* End PBXVariantGroup section */

/* Begin XCBuildConfiguration section */
		8285E47F16D22ECC00F80545 /* Debug */ = {
			isa = XCBuildConfiguration;
			buildSettings = {
				ALWAYS_SEARCH_USER_PATHS = NO;
				CLANG_CXX_LANGUAGE_STANDARD = "gnu++0x";
				CLANG_CXX_LIBRARY = "libc++";
				CLANG_WARN_EMPTY_BODY = YES;
				CLANG_WARN__DUPLICATE_METHOD_MATCH = YES;
				"CODE_SIGN_IDENTITY[sdk=iphoneos*]" = "iPhone Developer";
				COPY_PHASE_STRIP = NO;
				GCC_C_LANGUAGE_STANDARD = gnu99;
				GCC_DYNAMIC_NO_PIC = NO;
				GCC_OPTIMIZATION_LEVEL = 0;
				GCC_PREPROCESSOR_DEFINITIONS = (
					"DEBUG=1",
					"$(inherited)",
				);
				GCC_SYMBOLS_PRIVATE_EXTERN = NO;
				GCC_WARN_ABOUT_RETURN_TYPE = YES;
				GCC_WARN_UNINITIALIZED_AUTOS = YES;
				GCC_WARN_UNUSED_VARIABLE = YES;
				IPHONEOS_DEPLOYMENT_TARGET = 6.0;
				ONLY_ACTIVE_ARCH = YES;
				SDKROOT = iphoneos;
			};
			name = Debug;
		};
		8285E48016D22ECC00F80545 /* Release */ = {
			isa = XCBuildConfiguration;
			buildSettings = {
				ALWAYS_SEARCH_USER_PATHS = NO;
				CLANG_CXX_LANGUAGE_STANDARD = "gnu++0x";
				CLANG_CXX_LIBRARY = "libc++";
				CLANG_WARN_EMPTY_BODY = YES;
				CLANG_WARN__DUPLICATE_METHOD_MATCH = YES;
				"CODE_SIGN_IDENTITY[sdk=iphoneos*]" = "iPhone Developer";
				COPY_PHASE_STRIP = YES;
				GCC_C_LANGUAGE_STANDARD = gnu99;
				GCC_WARN_ABOUT_RETURN_TYPE = YES;
				GCC_WARN_UNINITIALIZED_AUTOS = YES;
				GCC_WARN_UNUSED_VARIABLE = YES;
				IPHONEOS_DEPLOYMENT_TARGET = 6.0;
				OTHER_CFLAGS = "-DNS_BLOCK_ASSERTIONS=1";
				SDKROOT = iphoneos;
				VALIDATE_PRODUCT = YES;
			};
			name = Release;
		};
		8285E48216D22ECC00F80545 /* Debug */ = {
			isa = XCBuildConfiguration;
			buildSettings = {
				GCC_PRECOMPILE_PREFIX_HEADER = YES;
				GCC_PREFIX_HEADER = "AOC3/AOC3-Prefix.pch";
				INFOPLIST_FILE = "AOC3/AOC3-Info.plist";
				PRODUCT_NAME = "$(TARGET_NAME)";
				WRAPPER_EXTENSION = app;
			};
			name = Debug;
		};
		8285E48316D22ECC00F80545 /* Release */ = {
			isa = XCBuildConfiguration;
			buildSettings = {
				GCC_PRECOMPILE_PREFIX_HEADER = YES;
				GCC_PREFIX_HEADER = "AOC3/AOC3-Prefix.pch";
				INFOPLIST_FILE = "AOC3/AOC3-Info.plist";
				PRODUCT_NAME = "$(TARGET_NAME)";
				WRAPPER_EXTENSION = app;
			};
			name = Release;
		};
/* End XCBuildConfiguration section */

/* Begin XCConfigurationList section */
		8285E45716D22ECC00F80545 /* Build configuration list for PBXProject "AOC3" */ = {
			isa = XCConfigurationList;
			buildConfigurations = (
				8285E47F16D22ECC00F80545 /* Debug */,
				8285E48016D22ECC00F80545 /* Release */,
			);
			defaultConfigurationIsVisible = 0;
			defaultConfigurationName = Release;
		};
		8285E48116D22ECC00F80545 /* Build configuration list for PBXNativeTarget "AOC3" */ = {
			isa = XCConfigurationList;
			buildConfigurations = (
				8285E48216D22ECC00F80545 /* Debug */,
				8285E48316D22ECC00F80545 /* Release */,
			);
			defaultConfigurationIsVisible = 0;
		};
/* End XCConfigurationList section */
	};
	rootObject = 8285E45416D22ECC00F80545 /* Project object */;
}
